
Microsoft Visual Studio Solution File, Format Version 12.00
# Visual Studio Version 17
VisualStudioVersion = 17.0.32014.148
MinimumVisualStudioVersion = 10.0.40219.1
Project("{FAE04EC0-301F-11D3-BF4B-00C04F79EFBC}") = "Milestone350", "Milestone350\Milestone350.csproj", "{7C5AB5A8-47DA-4C34-8A53-6747F37E7A42}"
EndProject
Global
	GlobalSection(SolutionConfigurationPlatforms) = preSolution
		Debug|Any CPU = Debug|Any CPU
		Release|Any CPU = Release|Any CPU
	EndGlobalSection
	GlobalSection(ProjectConfigurationPlatforms) = postSolution
		{7C5AB5A8-47DA-4C34-8A53-6747F37E7A42}.Debug|Any CPU.ActiveCfg = Debug|Any CPU
		{7C5AB5A8-47DA-4C34-8A53-6747F37E7A42}.Debug|Any CPU.Build.0 = Debug|Any CPU
		{7C5AB5A8-47DA-4C34-8A53-6747F37E7A42}.Release|Any CPU.ActiveCfg = Release|Any CPU
		{7C5AB5A8-47DA-4C34-8A53-6747F37E7A42}.Release|Any CPU.Build.0 = Release|Any CPU
	EndGlobalSection
	GlobalSection(SolutionProperties) = preSolution
		HideSolutionNode = FALSE
	EndGlobalSection
	GlobalSection(ExtensibilityGlobals) = postSolution
		SolutionGuid = {F964CD65-82CD-40A0-926C-B2B006DCA923}
	EndGlobalSection
EndGlobal
